github.com/danielfdickinson/image-handling-mod-hugo-dfd v0.1.2 h1:pOiJ9I96I/B7DO2T3uAEAw/kUPPo2EtIjzAt7OifpFo=
github.com/danielfdickinson/image-handling-mod-hugo-dfd v0.1.2/go.mod h1:x/UHdHb5nNr92dMC543t6KUloBOLy9Ria23nbhX4Zvg=
github.com/danielfdickinson/link-handling-mod-hugo-dfd v0.1.2 h1:PwnLegPhXZ1dwLkVhDgdnAvadO9dDeeD/wDubA4XswI=
github.com/danielfdickinson/link-handling-mod-hugo-dfd v0.1.2/go.mod h1:inb1U/NMQWMjoDBEhpabB/cI06SkgWnbM4dHKFHCG60=
github.com/danielfdickinson/metadata-mod-hugo-dfd v0.1.1 h1:V8G7EYKeV9vpW95PP/YosuVSFunJxu8pJ97JoXQBReE=
github.com/danielfdickinson/metadata-mod-hugo-dfd v0.1.1/go.mod h1:/16GR/c02mDUc3VX6AIXhy6dALUlAQJqIeWDPZGAsFU=
