github.com/danielfdickinson/image-handling-mod-hugo-dfd v0.4.0 h1:rxwwdRfve+i3gIJzqo0UK9TlMkYY4unoh7XAqMjZawM=
github.com/danielfdickinson/image-handling-mod-hugo-dfd v0.4.0/go.mod h1:WFjQtUdhBGFndQVaMo5UoXcKRxyAZ6dtxOea27J0ccE=
github.com/danielfdickinson/metadata-mod-hugo-dfd v0.3.0 h1:CFJ2FHCjoUbL5MlyaKhpRuXTPpq7dxs139YIu77B3CM=
github.com/danielfdickinson/metadata-mod-hugo-dfd v0.3.0/go.mod h1:QcTLK04wrA/TEvdjNn/v7zk0XGU31DHmRJeRVJeH73k=
