github.com/danielfdickinson/image-handling-mod-hugo-dfd v0.3.2-0.20220523203521-b8101ec1402d h1:U60afj/UCSrbbkEVdezjBOsh+5RnXX7N6UjK8pDlm1w=
github.com/danielfdickinson/image-handling-mod-hugo-dfd v0.3.2-0.20220523203521-b8101ec1402d/go.mod h1:0thzZjVzrxxgTxSNnQW4R7yCXi3TVcK218+6pacnjPo=
github.com/danielfdickinson/link-handling-mod-hugo-dfd v0.2.4-0.20220523201710-46755a0c055c/go.mod h1:inb1U/NMQWMjoDBEhpabB/cI06SkgWnbM4dHKFHCG60=
github.com/danielfdickinson/metadata-mod-hugo-dfd v0.2.3-0.20220523213721-2730887bb55f h1:BepX+Qjrij9E4PhTtBIzOZlPd+e3tAt/d2JYDpyc94g=
github.com/danielfdickinson/metadata-mod-hugo-dfd v0.2.3-0.20220523213721-2730887bb55f/go.mod h1:QcTLK04wrA/TEvdjNn/v7zk0XGU31DHmRJeRVJeH73k=
