github.com/danielfdickinson/link-handling-mod-hugo-dfd v0.2.2 h1:EhhbITIisEX9SbSO1TSyHtTGwbRVsfkRRVndmJsjdtU=
github.com/danielfdickinson/link-handling-mod-hugo-dfd v0.2.2/go.mod h1:inb1U/NMQWMjoDBEhpabB/cI06SkgWnbM4dHKFHCG60=
github.com/danielfdickinson/link-handling-mod-hugo-dfd v0.2.3-0.20220405051020-248e89c84b18 h1:ILUHpX+h8mVcpTeL63d2YXJVawed+WGuPa3c3md8xIA=
github.com/danielfdickinson/link-handling-mod-hugo-dfd v0.2.3-0.20220405051020-248e89c84b18/go.mod h1:inb1U/NMQWMjoDBEhpabB/cI06SkgWnbM4dHKFHCG60=
