github.com/danielfdickinson/image-handling-mod-hugo-dfd v0.2.6-beta.4/go.mod h1:1KTmoklZUHB6cJLVTCFW5jpB7afdsVVPNmCw/6dqieY=
github.com/danielfdickinson/link-handling-mod-hugo-dfd v0.2.0 h1:5uIDeCRDjc20SLAWG7jIabkW8XIcmTZEm/fuFYmsuPQ=
github.com/danielfdickinson/link-handling-mod-hugo-dfd v0.2.0/go.mod h1:inb1U/NMQWMjoDBEhpabB/cI06SkgWnbM4dHKFHCG60=
github.com/danielfdickinson/metadata-mod-hugo-dfd v0.1.9-beta.4 h1:F5Bi4+isjVBwS8hkk6pK/nH13WtaelxpXtTYhnKP+OY=
github.com/danielfdickinson/metadata-mod-hugo-dfd v0.1.9-beta.4/go.mod h1:wmO09W+e3swdj9yTvKibIBMrCq9liZJb+nphzZPwZtI=
